Microsoft Visual Studio Solution File, Format Version 12.00
# Visual Studio Version 17
VisualStudioVersion = 17.5.2.0
MinimumVisualStudioVersion = 10.0.40219.1
Project("{FAE04EC0-301F-11D3-BF4B-00C04F79EFBC}") = "card-games-sim", "card-games-sim.csproj", "{EA67E8E5-E3EE-18D2-41BB-E38D67CC5D80}"
EndProject
Global
	GlobalSection(SolutionConfigurationPlatforms) = preSolution
		Debug|Any CPU = Debug|Any CPU
		Release|Any CPU = Release|Any CPU
	EndGlobalSection
	GlobalSection(ProjectConfigurationPlatforms) = postSolution
		{EA67E8E5-E3EE-18D2-41BB-E38D67CC5D80}.Debug|Any CPU.ActiveCfg = Debug|Any CPU
		{EA67E8E5-E3EE-18D2-41BB-E38D67CC5D80}.Debug|Any CPU.Build.0 = Debug|Any CPU
		{EA67E8E5-E3EE-18D2-41BB-E38D67CC5D80}.Release|Any CPU.ActiveCfg = Release|Any CPU
		{EA67E8E5-E3EE-18D2-41BB-E38D67CC5D80}.Release|Any CPU.Build.0 = Release|Any CPU
	EndGlobalSection
	GlobalSection(SolutionProperties) = preSolution
		HideSolutionNode = FALSE
	EndGlobalSection
	GlobalSection(ExtensibilityGlobals) = postSolution
		SolutionGuid = {290A7939-F189-4078-AC7F-2D984A5E5656}
	EndGlobalSection
EndGlobal
